{
  "name": "ps",
  "version": "1.0.0",
  "lockfileVersion": 1,
  "requires": true,
  "dependencies": {
    "markdown-folder-to-html-fork": {
      "version": "file:../markdown-folder-to-html",
      "requires": {
        "markdown-it": "^8.4.2",
        "shelljs": "^0.8.2"
      },
      "dependencies": {
        "@types/events": {
          "version": "1.2.0",
          "bundled": true
        },
        "@types/glob": {
          "version": "5.0.35",
          "bundled": true,
          "requires": {
            "@types/events": "*",
            "@types/minimatch": "*",
            "@types/node": "*"
          }
        },
        "@types/markdown-it": {
          "version": "0.0.5",
          "bundled": true
        },
        "@types/minimatch": {
          "version": "3.0.3",
          "bundled": true
        },
        "@types/node": {
          "version": "10.7.1",
          "bundled": true
        },
        "@types/shelljs": {
          "version": "0.8.0",
          "bundled": true,
          "requires": {
            "@types/glob": "*",
            "@types/node": "*"
          }
        },
        "@types/tape": {
          "version": "4.2.32",
          "bundled": true,
          "requires": {
            "@types/node": "*"
          }
        },
        "ansi-regex": {
          "version": "2.1.1",
          "bundled": true
        },
        "ansi-styles": {
          "version": "2.2.1",
          "bundled": true
        },
        "argparse": {
          "version": "1.0.10",
          "bundled": true,
          "requires": {
            "sprintf-js": "~1.0.2"
          }
        },
        "array-union": {
          "version": "1.0.2",
          "bundled": true,
          "requires": {
            "array-uniq": "^1.0.1"
          }
        },
        "array-uniq": {
          "version": "1.0.3",
          "bundled": true
        },
        "async": {
          "version": "2.6.1",
          "bundled": true,
          "requires": {
            "lodash": "^4.17.10"
          }
        },
        "chalk": {
          "version": "1.1.3",
          "bundled": true,
          "requires": {
            "ansi-styles": "^2.2.1",
            "escape-string-regexp": "^1.0.2",
            "has-ansi": "^2.0.0",
            "strip-ansi": "^3.0.0",
            "supports-color": "^2.0.0"
          }
        },
        "commander": {
          "version": "2.15.1",
          "bundled": true
        },
        "concat-map": {
          "version": "0.0.1",
          "bundled": true
        },
        "core-util-is": {
          "version": "1.0.2",
          "bundled": true
        },
        "deep-equal": {
          "version": "1.0.1",
          "bundled": true
        },
        "define-properties": {
          "version": "1.1.3",
          "bundled": true,
          "requires": {
            "object-keys": "^1.0.12"
          }
        },
        "defined": {
          "version": "1.0.0",
          "bundled": true
        },
        "entities": {
          "version": "1.1.1",
          "bundled": true
        },
        "es-abstract": {
          "version": "1.12.0",
          "bundled": true,
          "requires": {
            "es-to-primitive": "^1.1.1",
            "function-bind": "^1.1.1",
            "has": "^1.0.1",
            "is-callable": "^1.1.3",
            "is-regex": "^1.0.4"
          }
        },
        "es-to-primitive": {
          "version": "1.1.1",
          "bundled": true,
          "requires": {
            "is-callable": "^1.1.1",
            "is-date-object": "^1.0.1",
            "is-symbol": "^1.0.1"
          }
        },
        "escape-string-regexp": {
          "version": "1.0.5",
          "bundled": true
        },
        "filename-reserved-regex": {
          "version": "1.0.0",
          "bundled": true
        },
        "filenamify": {
          "version": "1.2.1",
          "bundled": true,
          "requires": {
            "filename-reserved-regex": "^1.0.0",
            "strip-outer": "^1.0.0",
            "trim-repeated": "^1.0.0"
          }
        },
        "filenamify-url": {
          "version": "1.0.0",
          "bundled": true,
          "requires": {
            "filenamify": "^1.0.0",
            "humanize-url": "^1.0.0"
          }
        },
        "for-each": {
          "version": "0.3.3",
          "bundled": true,
          "requires": {
            "is-callable": "^1.1.3"
          }
        },
        "fs-extra": {
          "version": "5.0.0",
          "bundled": true,
          "requires": {
            "graceful-fs": "^4.1.2",
            "jsonfile": "^4.0.0",
            "universalify": "^0.1.0"
          }
        },
        "fs.realpath": {
          "version": "1.0.0",
          "bundled": true
        },
        "function-bind": {
          "version": "1.1.1",
          "bundled": true
        },
        "gh-pages": {
          "version": "1.2.0",
          "bundled": true,
          "requires": {
            "async": "2.6.1",
            "commander": "2.15.1",
            "filenamify-url": "^1.0.0",
            "fs-extra": "^5.0.0",
            "globby": "^6.1.0",
            "graceful-fs": "4.1.11",
            "rimraf": "^2.6.2"
          }
        },
        "glob": {
          "version": "7.1.2",
          "bundled": true,
          "requires": {
            "fs.realpath": "^1.0.0",
            "inflight": "^1.0.4",
            "inherits": "2",
            "minimatch": "^3.0.4",
            "once": "^1.3.0",
            "path-is-absolute": "^1.0.0"
          },
          "dependencies": {
            "balanced-match": {
              "version": "1.0.0",
              "bundled": true
            },
            "brace-expansion": {
              "version": "1.1.8",
              "bundled": true,
              "requires": {
                "balanced-match": "^1.0.0",
                "concat-map": "0.0.1"
              }
            },
            "minimatch": {
              "version": "3.0.4",
              "bundled": true,
              "requires": {
                "brace-expansion": "^1.1.7"
              }
            }
          }
        },
        "globby": {
          "version": "6.1.0",
          "bundled": true,
          "requires": {
            "array-union": "^1.0.1",
            "glob": "^7.0.3",
            "object-assign": "^4.0.1",
            "pify": "^2.0.0",
            "pinkie-promise": "^2.0.0"
          }
        },
        "graceful-fs": {
          "version": "4.1.11",
          "bundled": true
        },
        "has": {
          "version": "1.0.3",
          "bundled": true,
          "requires": {
            "function-bind": "^1.1.1"
          }
        },
        "has-ansi": {
          "version": "2.0.0",
          "bundled": true,
          "requires": {
            "ansi-regex": "^2.0.0"
          }
        },
        "humanize-url": {
          "version": "1.0.1",
          "bundled": true,
          "requires": {
            "normalize-url": "^1.0.0",
            "strip-url-auth": "^1.0.0"
          }
        },
        "inflight": {
          "version": "1.0.5",
          "bundled": true,
          "requires": {
            "once": "^1.3.0",
            "wrappy": "1"
          }
        },
        "inherits": {
          "version": "2.0.1",
          "bundled": true
        },
        "interpret": {
          "version": "1.1.0",
          "bundled": true
        },
        "is-callable": {
          "version": "1.1.4",
          "bundled": true
        },
        "is-date-object": {
          "version": "1.0.1",
          "bundled": true
        },
        "is-plain-obj": {
          "version": "1.1.0",
          "bundled": true
        },
        "is-regex": {
          "version": "1.0.4",
          "bundled": true,
          "requires": {
            "has": "^1.0.1"
          }
        },
        "is-symbol": {
          "version": "1.0.1",
          "bundled": true
        },
        "isarray": {
          "version": "1.0.0",
          "bundled": true
        },
        "jsonfile": {
          "version": "4.0.0",
          "bundled": true,
          "requires": {
            "graceful-fs": "^4.1.6"
          }
        },
        "linkify-it": {
          "version": "2.0.3",
          "bundled": true,
          "requires": {
            "uc.micro": "^1.0.1"
          }
        },
        "lodash": {
          "version": "4.17.11",
          "bundled": true
        },
        "markdown-it": {
          "version": "8.4.2",
          "bundled": true,
          "requires": {
            "argparse": "^1.0.7",
            "entities": "~1.1.1",
            "linkify-it": "^2.0.0",
            "mdurl": "^1.0.1",
            "uc.micro": "^1.0.5"
          }
        },
        "mdurl": {
          "version": "1.0.1",
          "bundled": true
        },
        "minimist": {
          "version": "1.2.0",
          "bundled": true
        },
        "normalize-url": {
          "version": "1.9.1",
          "bundled": true,
          "requires": {
            "object-assign": "^4.0.1",
            "prepend-http": "^1.0.0",
            "query-string": "^4.1.0",
            "sort-keys": "^1.0.0"
          }
        },
        "object-assign": {
          "version": "4.1.1",
          "bundled": true
        },
        "object-inspect": {
          "version": "1.6.0",
          "bundled": true
        },
        "object-keys": {
          "version": "1.0.12",
          "bundled": true
        },
        "once": {
          "version": "1.3.3",
          "bundled": true,
          "requires": {
            "wrappy": "1"
          }
        },
        "path-is-absolute": {
          "version": "1.0.0",
          "bundled": true
        },
        "path-parse": {
          "version": "1.0.5",
          "bundled": true
        },
        "pify": {
          "version": "2.3.0",
          "bundled": true
        },
        "pinkie": {
          "version": "2.0.4",
          "bundled": true
        },
        "pinkie-promise": {
          "version": "2.0.1",
          "bundled": true,
          "requires": {
            "pinkie": "^2.0.0"
          }
        },
        "prepend-http": {
          "version": "1.0.4",
          "bundled": true
        },
        "prettier": {
          "version": "1.14.2",
          "bundled": true
        },
        "process-nextick-args": {
          "version": "2.0.0",
          "bundled": true
        },
        "query-string": {
          "version": "4.3.4",
          "bundled": true,
          "requires": {
            "object-assign": "^4.1.0",
            "strict-uri-encode": "^1.0.0"
          }
        },
        "re-emitter": {
          "version": "1.1.3",
          "bundled": true
        },
        "readable-stream": {
          "version": "2.3.6",
          "bundled": true,
          "requires": {
            "core-util-is": "~1.0.0",
            "inherits": "~2.0.3",
            "isarray": "~1.0.0",
            "process-nextick-args": "~2.0.0",
            "safe-buffer": "~5.1.1",
            "string_decoder": "~1.1.1",
            "util-deprecate": "~1.0.1"
          },
          "dependencies": {
            "inherits": {
              "version": "2.0.3",
              "bundled": true
            }
          }
        },
        "rechoir": {
          "version": "0.6.2",
          "bundled": true,
          "requires": {
            "resolve": "^1.1.6"
          }
        },
        "resolve": {
          "version": "1.8.1",
          "bundled": true,
          "requires": {
            "path-parse": "^1.0.5"
          }
        },
        "resumer": {
          "version": "0.0.0",
          "bundled": true,
          "requires": {
            "through": "~2.3.4"
          }
        },
        "rimraf": {
          "version": "2.6.2",
          "bundled": true,
          "requires": {
            "glob": "^7.0.5"
          }
        },
        "safe-buffer": {
          "version": "5.1.2",
          "bundled": true
        },
        "shelljs": {
          "version": "0.8.2",
          "bundled": true,
          "requires": {
            "glob": "^7.0.0",
            "interpret": "^1.0.0",
            "rechoir": "^0.6.2"
          }
        },
        "sort-keys": {
          "version": "1.1.2",
          "bundled": true,
          "requires": {
            "is-plain-obj": "^1.0.0"
          }
        },
        "split": {
          "version": "1.0.1",
          "bundled": true,
          "requires": {
            "through": "2"
          }
        },
        "sprintf-js": {
          "version": "1.0.3",
          "bundled": true
        },
        "strict-uri-encode": {
          "version": "1.1.0",
          "bundled": true
        },
        "string.prototype.trim": {
          "version": "1.1.2",
          "bundled": true,
          "requires": {
            "define-properties": "^1.1.2",
            "es-abstract": "^1.5.0",
            "function-bind": "^1.0.2"
          }
        },
        "string_decoder": {
          "version": "1.1.1",
          "bundled": true,
          "requires": {
            "safe-buffer": "~5.1.0"
          }
        },
        "strip-ansi": {
          "version": "3.0.1",
          "bundled": true,
          "requires": {
            "ansi-regex": "^2.0.0"
          }
        },
        "strip-outer": {
          "version": "1.0.1",
          "bundled": true,
          "requires": {
            "escape-string-regexp": "^1.0.2"
          }
        },
        "strip-url-auth": {
          "version": "1.0.1",
          "bundled": true
        },
        "supports-color": {
          "version": "2.0.0",
          "bundled": true
        },
        "tap-dot": {
          "version": "2.0.0",
          "bundled": true,
          "requires": {
            "chalk": "^1.1.1",
            "tap-out": "^1.3.2",
            "through2": "^2.0.0"
          }
        },
        "tap-out": {
          "version": "1.4.2",
          "bundled": true,
          "requires": {
            "re-emitter": "^1.0.0",
            "readable-stream": "^2.0.0",
            "split": "^1.0.0",
            "trim": "0.0.1"
          }
        },
        "tape": {
          "version": "4.9.1",
          "bundled": true,
          "requires": {
            "deep-equal": "~1.0.1",
            "defined": "~1.0.0",
            "for-each": "~0.3.3",
            "function-bind": "~1.1.1",
            "glob": "~7.1.2",
            "has": "~1.0.3",
            "inherits": "~2.0.3",
            "minimist": "~1.2.0",
            "object-inspect": "~1.6.0",
            "resolve": "~1.7.1",
            "resumer": "~0.0.0",
            "string.prototype.trim": "~1.1.2",
            "through": "~2.3.8"
          },
          "dependencies": {
            "inherits": {
              "version": "2.0.3",
              "bundled": true
            },
            "resolve": {
              "version": "1.7.1",
              "bundled": true,
              "requires": {
                "path-parse": "^1.0.5"
              }
            }
          }
        },
        "through": {
          "version": "2.3.8",
          "bundled": true
        },
        "through2": {
          "version": "2.0.3",
          "bundled": true,
          "requires": {
            "readable-stream": "^2.1.5",
            "xtend": "~4.0.1"
          }
        },
        "trim": {
          "version": "0.0.1",
          "bundled": true
        },
        "trim-repeated": {
          "version": "1.0.0",
          "bundled": true,
          "requires": {
            "escape-string-regexp": "^1.0.2"
          }
        },
        "typescript": {
          "version": "3.0.1",
          "bundled": true
        },
        "uc.micro": {
          "version": "1.0.5",
          "bundled": true
        },
        "universalify": {
          "version": "0.1.2",
          "bundled": true
        },
        "util-deprecate": {
          "version": "1.0.2",
          "bundled": true
        },
        "wrappy": {
          "version": "1.0.2",
          "bundled": true
        },
        "xtend": {
          "version": "4.0.1",
          "bundled": true
        }
      }
    }
  }
}
